
Microsoft Visual Studio Solution File, Format Version 12.00
# Visual Studio Version 17
VisualStudioVersion = 17.10.35122.118
MinimumVisualStudioVersion = 10.0.40219.1
Project("{FAE04EC0-301F-11D3-BF4B-00C04F79EFBC}") = "AdventOfCode", "AdventOfCode\AdventOfCode.csproj", "{BCFF9095-F977-437A-826D-AE2E61CDA5AD}"
EndProject
Global
	GlobalSection(SolutionConfigurationPlatforms) = preSolution
		Debug|Any CPU = Debug|Any CPU
		Release|Any CPU = Release|Any CPU
	EndGlobalSection
	GlobalSection(ProjectConfigurationPlatforms) = postSolution
		{BCFF9095-F977-437A-826D-AE2E61CDA5AD}.Debug|Any CPU.ActiveCfg = Debug|Any CPU
		{BCFF9095-F977-437A-826D-AE2E61CDA5AD}.Debug|Any CPU.Build.0 = Debug|Any CPU
		{BCFF9095-F977-437A-826D-AE2E61CDA5AD}.Release|Any CPU.ActiveCfg = Release|Any CPU
		{BCFF9095-F977-437A-826D-AE2E61CDA5AD}.Release|Any CPU.Build.0 = Release|Any CPU
	EndGlobalSection
	GlobalSection(SolutionProperties) = preSolution
		HideSolutionNode = FALSE
	EndGlobalSection
	GlobalSection(ExtensibilityGlobals) = postSolution
		SolutionGuid = {4C7EC3D0-7ABB-4557-907C-3E14AE2D0B1F}
	EndGlobalSection
EndGlobal
